
Microsoft Visual Studio Solution File, Format Version 12.00
# Visual Studio Version 16
VisualStudioVersion = 16.0.29411.108
MinimumVisualStudioVersion = 10.0.40219.1
Project("{FAE04EC0-301F-11D3-BF4B-00C04F79EFBC}") = "Convertor2", "Convertor2.csproj", "{4BE243C6-C5AC-4FE1-8E20-951FA7C12007}"
EndProject
Global
	GlobalSection(SolutionConfigurationPlatforms) = preSolution
		Debug|Any CPU = Debug|Any CPU
		Release|Any CPU = Release|Any CPU
	EndGlobalSection
	GlobalSection(ProjectConfigurationPlatforms) = postSolution
		{4BE243C6-C5AC-4FE1-8E20-951FA7C12007}.Debug|Any CPU.ActiveCfg = Debug|Any CPU
		{4BE243C6-C5AC-4FE1-8E20-951FA7C12007}.Debug|Any CPU.Build.0 = Debug|Any CPU
		{4BE243C6-C5AC-4FE1-8E20-951FA7C12007}.Release|Any CPU.ActiveCfg = Release|Any CPU
		{4BE243C6-C5AC-4FE1-8E20-951FA7C12007}.Release|Any CPU.Build.0 = Release|Any CPU
	EndGlobalSection
	GlobalSection(SolutionProperties) = preSolution
		HideSolutionNode = FALSE
	EndGlobalSection
	GlobalSection(ExtensibilityGlobals) = postSolution
		SolutionGuid = {40E48E7A-67E3-40B1-BCBB-760A3FCD89B2}
	EndGlobalSection
EndGlobal
