
Microsoft Visual Studio Solution File, Format Version 12.00
# Visual Studio Version 16
VisualStudioVersion = 16.0.29411.108
MinimumVisualStudioVersion = 10.0.40219.1
Project("{FAE04EC0-301F-11D3-BF4B-00C04F79EFBC}") = "ConvertorBCD4", "ConvertorBCD4.csproj", "{B4999030-0D59-4CA5-BFB0-2908CD65D8F7}"
EndProject
Global
	GlobalSection(SolutionConfigurationPlatforms) = preSolution
		Debug|Any CPU = Debug|Any CPU
		Release|Any CPU = Release|Any CPU
	EndGlobalSection
	GlobalSection(ProjectConfigurationPlatforms) = postSolution
		{B4999030-0D59-4CA5-BFB0-2908CD65D8F7}.Debug|Any CPU.ActiveCfg = Debug|Any CPU
		{B4999030-0D59-4CA5-BFB0-2908CD65D8F7}.Debug|Any CPU.Build.0 = Debug|Any CPU
		{B4999030-0D59-4CA5-BFB0-2908CD65D8F7}.Release|Any CPU.ActiveCfg = Release|Any CPU
		{B4999030-0D59-4CA5-BFB0-2908CD65D8F7}.Release|Any CPU.Build.0 = Release|Any CPU
	EndGlobalSection
	GlobalSection(SolutionProperties) = preSolution
		HideSolutionNode = FALSE
	EndGlobalSection
	GlobalSection(ExtensibilityGlobals) = postSolution
		SolutionGuid = {7D11407D-729B-43CC-81FF-F91154D09171}
	EndGlobalSection
EndGlobal
