
Microsoft Visual Studio Solution File, Format Version 12.00
# Visual Studio Version 16
VisualStudioVersion = 16.0.29519.181
MinimumVisualStudioVersion = 10.0.40219.1
Project("{FAE04EC0-301F-11D3-BF4B-00C04F79EFBC}") = "Linker", "Linker.csproj", "{5A45015A-3BA0-4DC4-ABD6-873E28EF96D1}"
EndProject
Global
	GlobalSection(SolutionConfigurationPlatforms) = preSolution
		Debug|Any CPU = Debug|Any CPU
		Release|Any CPU = Release|Any CPU
	EndGlobalSection
	GlobalSection(ProjectConfigurationPlatforms) = postSolution
		{5A45015A-3BA0-4DC4-ABD6-873E28EF96D1}.Debug|Any CPU.ActiveCfg = Debug|Any CPU
		{5A45015A-3BA0-4DC4-ABD6-873E28EF96D1}.Debug|Any CPU.Build.0 = Debug|Any CPU
		{5A45015A-3BA0-4DC4-ABD6-873E28EF96D1}.Release|Any CPU.ActiveCfg = Release|Any CPU
		{5A45015A-3BA0-4DC4-ABD6-873E28EF96D1}.Release|Any CPU.Build.0 = Release|Any CPU
	EndGlobalSection
	GlobalSection(SolutionProperties) = preSolution
		HideSolutionNode = FALSE
	EndGlobalSection
	GlobalSection(ExtensibilityGlobals) = postSolution
		SolutionGuid = {674E363B-0CFA-4481-8BFF-6FBFA52D582A}
	EndGlobalSection
EndGlobal
