
Microsoft Visual Studio Solution File, Format Version 12.00
# Visual Studio Version 16
VisualStudioVersion = 16.0.29411.108
MinimumVisualStudioVersion = 10.0.40219.1
Project("{FAE04EC0-301F-11D3-BF4B-00C04F79EFBC}") = "Convertor", "Convertor.csproj", "{398C69CE-6983-483B-B01F-DBE784034A66}"
EndProject
Global
	GlobalSection(SolutionConfigurationPlatforms) = preSolution
		Debug|Any CPU = Debug|Any CPU
		Release|Any CPU = Release|Any CPU
	EndGlobalSection
	GlobalSection(ProjectConfigurationPlatforms) = postSolution
		{398C69CE-6983-483B-B01F-DBE784034A66}.Debug|Any CPU.ActiveCfg = Debug|Any CPU
		{398C69CE-6983-483B-B01F-DBE784034A66}.Debug|Any CPU.Build.0 = Debug|Any CPU
		{398C69CE-6983-483B-B01F-DBE784034A66}.Release|Any CPU.ActiveCfg = Release|Any CPU
		{398C69CE-6983-483B-B01F-DBE784034A66}.Release|Any CPU.Build.0 = Release|Any CPU
	EndGlobalSection
	GlobalSection(SolutionProperties) = preSolution
		HideSolutionNode = FALSE
	EndGlobalSection
	GlobalSection(ExtensibilityGlobals) = postSolution
		SolutionGuid = {57E80087-E0EF-4ECB-8E04-EA0AA8E3DB93}
	EndGlobalSection
EndGlobal
